
Microsoft Visual Studio Solution File, Format Version 12.00
# Visual Studio Version 17
VisualStudioVersion = 17.12.35521.163
MinimumVisualStudioVersion = 10.0.40219.1
Project("{FAE04EC0-301F-11D3-BF4B-00C04F79EFBC}") = "Tyuiu.DmitrievLR.Sprint1.Task0.V12.Lib", "Tyuiu.DmitrievLR.Sprint1.Task0.V12.Lib\Tyuiu.DmitrievLR.Sprint1.Task0.V12.Lib.csproj", "{E96FAF2A-9015-431A-B2E4-486F792EE752}"
EndProject
Project("{FAE04EC0-301F-11D3-BF4B-00C04F79EFBC}") = "Tyuiu.DmitrievLR.Sprint1.Task0.V12", "Tyuiu.DmitrievLR.Sprint1.Task0.V12\Tyuiu.DmitrievLR.Sprint1.Task0.V12.csproj", "{400D0FEE-F887-4753-8C39-CA7836D6AC20}"
EndProject
Project("{FAE04EC0-301F-11D3-BF4B-00C04F79EFBC}") = "Tyuiu.DmitrievLR.Sprint1.Task0.V12.Test", "Tyuiu.DmitrievLR.Sprint1.Task0.V12.Test\Tyuiu.DmitrievLR.Sprint1.Task0.V12.Test.csproj", "{C199EB16-AC49-40D2-BE70-3B7B78A33A55}"
EndProject
Project("{2150E333-8FDC-42A3-9474-1A3956D46DE8}") = "Task0", "Task0", "{9C3C2197-213B-44E5-B598-F9EB1ED1740A}"
EndProject
Project("{2150E333-8FDC-42A3-9474-1A3956D46DE8}") = "Task1", "Task1", "{53755E5C-EE3E-4FE8-AF57-BF6954BB5616}"
EndProject
Project("{FAE04EC0-301F-11D3-BF4B-00C04F79EFBC}") = "Tyuiu.DmitrievLR.Sprint1.Task1.V28.Lib", "Tyuiu.DmitrievLR.Sprint1.Task1.V28.Lib\Tyuiu.DmitrievLR.Sprint1.Task1.V28.Lib.csproj", "{9053C683-3776-4DD6-9379-5357419BC804}"
EndProject
Project("{FAE04EC0-301F-11D3-BF4B-00C04F79EFBC}") = "Tyuiu.DmitrievLR.Sprint1.Task1.V28", "Tyuiu.DmitrievLR.Sprint1.Task1.V28\Tyuiu.DmitrievLR.Sprint1.Task1.V28.csproj", "{F1E5F474-858A-40BE-ADBF-F2E9207A7D77}"
EndProject
Project("{FAE04EC0-301F-11D3-BF4B-00C04F79EFBC}") = "Tyuiu.DmitrievLR.Sprint1.Task1.V28.Test", "Tyuiu.DmitrievLR.Sprint1.Task1.V28.Test\Tyuiu.DmitrievLR.Sprint1.Task1.V28.Test.csproj", "{927CE8C8-E88E-42EA-A8E5-004E36D8ED50}"
EndProject
Project("{FAE04EC0-301F-11D3-BF4B-00C04F79EFBC}") = "Tyuiu.DmitrievLR.Sprint1.Task2.V4.Lib", "Tyuiu.DmitrievLR.Sprint1.Task2.V4.Lib\Tyuiu.DmitrievLR.Sprint1.Task2.V4.Lib.csproj", "{41D9DD78-E711-40A9-8229-1E8A44C4B973}"
EndProject
Project("{FAE04EC0-301F-11D3-BF4B-00C04F79EFBC}") = "Tyuiu.DmitrievLR.Sprint1.Task2.V4", "Tyuiu.DmitrievLR.Sprint1.Task2.V4\Tyuiu.DmitrievLR.Sprint1.Task2.V4.csproj", "{2403E705-D712-4D8A-9DBC-9F1E62E0D05F}"
EndProject
Project("{FAE04EC0-301F-11D3-BF4B-00C04F79EFBC}") = "Tyuiu.DmitrievLR.Sprint1.Task2.V4.Test", "Tyuiu.DmitrievLR.Sprint1.Task2.V4.Test\Tyuiu.DmitrievLR.Sprint1.Task2.V4.Test.csproj", "{16D7CC3D-5191-4054-A352-82968B220792}"
EndProject
Project("{2150E333-8FDC-42A3-9474-1A3956D46DE8}") = "Task2", "Task2", "{926E916E-4888-484B-B24B-F986745FE343}"
EndProject
Project("{FAE04EC0-301F-11D3-BF4B-00C04F79EFBC}") = "Tyuiu.DmitrievLR.Sprint1.Task3.V8.Lib", "Tyuiu.DmitrievLR.Sprint1.Task3.V8.Lib\Tyuiu.DmitrievLR.Sprint1.Task3.V8.Lib.csproj", "{50FF722B-7DAD-4F8E-9381-C322343ABE6F}"
EndProject
Project("{FAE04EC0-301F-11D3-BF4B-00C04F79EFBC}") = "Tyuiu.DmitrievLR.Sprint1.Task3.V8", "Tyuiu.DmitrievLR.Sprint1.Task3.V8\Tyuiu.DmitrievLR.Sprint1.Task3.V8.csproj", "{5DDEB9C6-8E6D-4212-8F92-3FE143FBC136}"
EndProject
Project("{FAE04EC0-301F-11D3-BF4B-00C04F79EFBC}") = "Tyuiu.DmitrievLR.Sprint1.Task3.V8.Test", "Tyuiu.DmitrievLR.Sprint1.Task3.V8.Test\Tyuiu.DmitrievLR.Sprint1.Task3.V8.Test.csproj", "{49D44982-88E2-427B-BC0D-D91721EC6F2B}"
EndProject
Project("{2150E333-8FDC-42A3-9474-1A3956D46DE8}") = "Task3", "Task3", "{A749FEE2-91FC-45EF-BABB-EB7708C48189}"
EndProject
Project("{FAE04EC0-301F-11D3-BF4B-00C04F79EFBC}") = "Tyuiu.DmitrievLR.Sprint1.Task4.V29.Lib", "Tyuiu.DmitrievLR.Sprint1.Task4.V29.Lib\Tyuiu.DmitrievLR.Sprint1.Task4.V29.Lib.csproj", "{A65F6A27-8DEB-4234-B41F-6414D67ADE1D}"
EndProject
Project("{FAE04EC0-301F-11D3-BF4B-00C04F79EFBC}") = "Tyuiu.DmitrievLR.Sprint1.Task4.V29", "Tyuiu.DmitrievLR.Sprint1.Task4.V29\Tyuiu.DmitrievLR.Sprint1.Task4.V29.csproj", "{4C3DD4D8-5C36-47A9-86E9-486AA423EFC1}"
EndProject
Project("{FAE04EC0-301F-11D3-BF4B-00C04F79EFBC}") = "Tyuiu.DmitrievLR.Sprint1.Task4.V29.Test", "Tyuiu.DmitrievLR.Sprint1.Task4.V29.Test\Tyuiu.DmitrievLR.Sprint1.Task4.V29.Test.csproj", "{3AF10638-E3B9-4679-A44B-4E3683DD7487}"
EndProject
Project("{2150E333-8FDC-42A3-9474-1A3956D46DE8}") = "Task4", "Task4", "{348C9B72-6B23-4EEE-B34B-904C122A8F46}"
EndProject
Project("{FAE04EC0-301F-11D3-BF4B-00C04F79EFBC}") = "Tyuiu.DmitrievLR.Sprint1.Task5.V2.Lib", "Tyuiu.DmitrievLR.Sprint1.Task5.V2.Lib\Tyuiu.DmitrievLR.Sprint1.Task5.V2.Lib.csproj", "{74391285-0B3A-471E-9BE7-BEDF9F9B2585}"
EndProject
Project("{FAE04EC0-301F-11D3-BF4B-00C04F79EFBC}") = "Tyuiu.DmitrievLR.Sprint1.Task5.V2", "Tyuiu.DmitrievLR.Sprint1.Task5.V2\Tyuiu.DmitrievLR.Sprint1.Task5.V2.csproj", "{D1CC6B16-5EC0-4A41-81D3-EB855428714D}"
EndProject
Project("{FAE04EC0-301F-11D3-BF4B-00C04F79EFBC}") = "Tyuiu.DmitrievLR.Sprint1.Task5.V2.Test", "Tyuiu.DmitrievLR.Sprint1.Task5.V2.Test\Tyuiu.DmitrievLR.Sprint1.Task5.V2.Test.csproj", "{21D438B7-28F2-415A-A788-0123551AB2DE}"
EndProject
Project("{2150E333-8FDC-42A3-9474-1A3956D46DE8}") = "Task5", "Task5", "{1978F52C-F712-4179-9B36-373E22097821}"
EndProject
Global
	GlobalSection(SolutionConfigurationPlatforms) = preSolution
		Debug|Any CPU = Debug|Any CPU
		Debug|x64 = Debug|x64
		Debug|x86 = Debug|x86
		Release|Any CPU = Release|Any CPU
		Release|x64 = Release|x64
		Release|x86 = Release|x86
	EndGlobalSection
	GlobalSection(ProjectConfigurationPlatforms) = postSolution
		{E96FAF2A-9015-431A-B2E4-486F792EE752}.Debug|Any CPU.ActiveCfg = Debug|Any CPU
		{E96FAF2A-9015-431A-B2E4-486F792EE752}.Debug|Any CPU.Build.0 = Debug|Any CPU
		{E96FAF2A-9015-431A-B2E4-486F792EE752}.Debug|x64.ActiveCfg = Debug|Any CPU
		{E96FAF2A-9015-431A-B2E4-486F792EE752}.Debug|x64.Build.0 = Debug|Any CPU
		{E96FAF2A-9015-431A-B2E4-486F792EE752}.Debug|x86.ActiveCfg = Debug|Any CPU
		{E96FAF2A-9015-431A-B2E4-486F792EE752}.Debug|x86.Build.0 = Debug|Any CPU
		{E96FAF2A-9015-431A-B2E4-486F792EE752}.Release|Any CPU.ActiveCfg = Release|Any CPU
		{E96FAF2A-9015-431A-B2E4-486F792EE752}.Release|Any CPU.Build.0 = Release|Any CPU
		{E96FAF2A-9015-431A-B2E4-486F792EE752}.Release|x64.ActiveCfg = Release|Any CPU
		{E96FAF2A-9015-431A-B2E4-486F792EE752}.Release|x64.Build.0 = Release|Any CPU
		{E96FAF2A-9015-431A-B2E4-486F792EE752}.Release|x86.ActiveCfg = Release|Any CPU
		{E96FAF2A-9015-431A-B2E4-486F792EE752}.Release|x86.Build.0 = Release|Any CPU
		{400D0FEE-F887-4753-8C39-CA7836D6AC20}.Debug|Any CPU.ActiveCfg = Debug|Any CPU
		{400D0FEE-F887-4753-8C39-CA7836D6AC20}.Debug|Any CPU.Build.0 = Debug|Any CPU
		{400D0FEE-F887-4753-8C39-CA7836D6AC20}.Debug|x64.ActiveCfg = Debug|Any CPU
		{400D0FEE-F887-4753-8C39-CA7836D6AC20}.Debug|x64.Build.0 = Debug|Any CPU
		{400D0FEE-F887-4753-8C39-CA7836D6AC20}.Debug|x86.ActiveCfg = Debug|Any CPU
		{400D0FEE-F887-4753-8C39-CA7836D6AC20}.Debug|x86.Build.0 = Debug|Any CPU
		{400D0FEE-F887-4753-8C39-CA7836D6AC20}.Release|Any CPU.ActiveCfg = Release|Any CPU
		{400D0FEE-F887-4753-8C39-CA7836D6AC20}.Release|Any CPU.Build.0 = Release|Any CPU
		{400D0FEE-F887-4753-8C39-CA7836D6AC20}.Release|x64.ActiveCfg = Release|Any CPU
		{400D0FEE-F887-4753-8C39-CA7836D6AC20}.Release|x64.Build.0 = Release|Any CPU
		{400D0FEE-F887-4753-8C39-CA7836D6AC20}.Release|x86.ActiveCfg = Release|Any CPU
		{400D0FEE-F887-4753-8C39-CA7836D6AC20}.Release|x86.Build.0 = Release|Any CPU
		{C199EB16-AC49-40D2-BE70-3B7B78A33A55}.Debug|Any CPU.ActiveCfg = Debug|Any CPU
		{C199EB16-AC49-40D2-BE70-3B7B78A33A55}.Debug|Any CPU.Build.0 = Debug|Any CPU
		{C199EB16-AC49-40D2-BE70-3B7B78A33A55}.Debug|x64.ActiveCfg = Debug|Any CPU
		{C199EB16-AC49-40D2-BE70-3B7B78A33A55}.Debug|x64.Build.0 = Debug|Any CPU
		{C199EB16-AC49-40D2-BE70-3B7B78A33A55}.Debug|x86.ActiveCfg = Debug|Any CPU
		{C199EB16-AC49-40D2-BE70-3B7B78A33A55}.Debug|x86.Build.0 = Debug|Any CPU
		{C199EB16-AC49-40D2-BE70-3B7B78A33A55}.Release|Any CPU.ActiveCfg = Release|Any CPU
		{C199EB16-AC49-40D2-BE70-3B7B78A33A55}.Release|Any CPU.Build.0 = Release|Any CPU
		{C199EB16-AC49-40D2-BE70-3B7B78A33A55}.Release|x64.ActiveCfg = Release|Any CPU
		{C199EB16-AC49-40D2-BE70-3B7B78A33A55}.Release|x64.Build.0 = Release|Any CPU
		{C199EB16-AC49-40D2-BE70-3B7B78A33A55}.Release|x86.ActiveCfg = Release|Any CPU
		{C199EB16-AC49-40D2-BE70-3B7B78A33A55}.Release|x86.Build.0 = Release|Any CPU
		{9053C683-3776-4DD6-9379-5357419BC804}.Debug|Any CPU.ActiveCfg = Debug|Any CPU
		{9053C683-3776-4DD6-9379-5357419BC804}.Debug|Any CPU.Build.0 = Debug|Any CPU
		{9053C683-3776-4DD6-9379-5357419BC804}.Debug|x64.ActiveCfg = Debug|Any CPU
		{9053C683-3776-4DD6-9379-5357419BC804}.Debug|x64.Build.0 = Debug|Any CPU
		{9053C683-3776-4DD6-9379-5357419BC804}.Debug|x86.ActiveCfg = Debug|Any CPU
		{9053C683-3776-4DD6-9379-5357419BC804}.Debug|x86.Build.0 = Debug|Any CPU
		{9053C683-3776-4DD6-9379-5357419BC804}.Release|Any CPU.ActiveCfg = Release|Any CPU
		{9053C683-3776-4DD6-9379-5357419BC804}.Release|Any CPU.Build.0 = Release|Any CPU
		{9053C683-3776-4DD6-9379-5357419BC804}.Release|x64.ActiveCfg = Release|Any CPU
		{9053C683-3776-4DD6-9379-5357419BC804}.Release|x64.Build.0 = Release|Any CPU
		{9053C683-3776-4DD6-9379-5357419BC804}.Release|x86.ActiveCfg = Release|Any CPU
		{9053C683-3776-4DD6-9379-5357419BC804}.Release|x86.Build.0 = Release|Any CPU
		{F1E5F474-858A-40BE-ADBF-F2E9207A7D77}.Debug|Any CPU.ActiveCfg = Debug|Any CPU
		{F1E5F474-858A-40BE-ADBF-F2E9207A7D77}.Debug|Any CPU.Build.0 = Debug|Any CPU
		{F1E5F474-858A-40BE-ADBF-F2E9207A7D77}.Debug|x64.ActiveCfg = Debug|Any CPU
		{F1E5F474-858A-40BE-ADBF-F2E9207A7D77}.Debug|x64.Build.0 = Debug|Any CPU
		{F1E5F474-858A-40BE-ADBF-F2E9207A7D77}.Debug|x86.ActiveCfg = Debug|Any CPU
		{F1E5F474-858A-40BE-ADBF-F2E9207A7D77}.Debug|x86.Build.0 = Debug|Any CPU
		{F1E5F474-858A-40BE-ADBF-F2E9207A7D77}.Release|Any CPU.ActiveCfg = Release|Any CPU
		{F1E5F474-858A-40BE-ADBF-F2E9207A7D77}.Release|Any CPU.Build.0 = Release|Any CPU
		{F1E5F474-858A-40BE-ADBF-F2E9207A7D77}.Release|x64.ActiveCfg = Release|Any CPU
		{F1E5F474-858A-40BE-ADBF-F2E9207A7D77}.Release|x64.Build.0 = Release|Any CPU
		{F1E5F474-858A-40BE-ADBF-F2E9207A7D77}.Release|x86.ActiveCfg = Release|Any CPU
		{F1E5F474-858A-40BE-ADBF-F2E9207A7D77}.Release|x86.Build.0 = Release|Any CPU
		{927CE8C8-E88E-42EA-A8E5-004E36D8ED50}.Debug|Any CPU.ActiveCfg = Debug|Any CPU
		{927CE8C8-E88E-42EA-A8E5-004E36D8ED50}.Debug|Any CPU.Build.0 = Debug|Any CPU
		{927CE8C8-E88E-42EA-A8E5-004E36D8ED50}.Debug|x64.ActiveCfg = Debug|Any CPU
		{927CE8C8-E88E-42EA-A8E5-004E36D8ED50}.Debug|x64.Build.0 = Debug|Any CPU
		{927CE8C8-E88E-42EA-A8E5-004E36D8ED50}.Debug|x86.ActiveCfg = Debug|Any CPU
		{927CE8C8-E88E-42EA-A8E5-004E36D8ED50}.Debug|x86.Build.0 = Debug|Any CPU
		{927CE8C8-E88E-42EA-A8E5-004E36D8ED50}.Release|Any CPU.ActiveCfg = Release|Any CPU
		{927CE8C8-E88E-42EA-A8E5-004E36D8ED50}.Release|Any CPU.Build.0 = Release|Any CPU
		{927CE8C8-E88E-42EA-A8E5-004E36D8ED50}.Release|x64.ActiveCfg = Release|Any CPU
		{927CE8C8-E88E-42EA-A8E5-004E36D8ED50}.Release|x64.Build.0 = Release|Any CPU
		{927CE8C8-E88E-42EA-A8E5-004E36D8ED50}.Release|x86.ActiveCfg = Release|Any CPU
		{927CE8C8-E88E-42EA-A8E5-004E36D8ED50}.Release|x86.Build.0 = Release|Any CPU
		{41D9DD78-E711-40A9-8229-1E8A44C4B973}.Debug|Any CPU.ActiveCfg = Debug|Any CPU
		{41D9DD78-E711-40A9-8229-1E8A44C4B973}.Debug|Any CPU.Build.0 = Debug|Any CPU
		{41D9DD78-E711-40A9-8229-1E8A44C4B973}.Debug|x64.ActiveCfg = Debug|Any CPU
		{41D9DD78-E711-40A9-8229-1E8A44C4B973}.Debug|x64.Build.0 = Debug|Any CPU
		{41D9DD78-E711-40A9-8229-1E8A44C4B973}.Debug|x86.ActiveCfg = Debug|Any CPU
		{41D9DD78-E711-40A9-8229-1E8A44C4B973}.Debug|x86.Build.0 = Debug|Any CPU
		{41D9DD78-E711-40A9-8229-1E8A44C4B973}.Release|Any CPU.ActiveCfg = Release|Any CPU
		{41D9DD78-E711-40A9-8229-1E8A44C4B973}.Release|Any CPU.Build.0 = Release|Any CPU
		{41D9DD78-E711-40A9-8229-1E8A44C4B973}.Release|x64.ActiveCfg = Release|Any CPU
		{41D9DD78-E711-40A9-8229-1E8A44C4B973}.Release|x64.Build.0 = Release|Any CPU
		{41D9DD78-E711-40A9-8229-1E8A44C4B973}.Release|x86.ActiveCfg = Release|Any CPU
		{41D9DD78-E711-40A9-8229-1E8A44C4B973}.Release|x86.Build.0 = Release|Any CPU
		{2403E705-D712-4D8A-9DBC-9F1E62E0D05F}.Debug|Any CPU.ActiveCfg = Debug|Any CPU
		{2403E705-D712-4D8A-9DBC-9F1E62E0D05F}.Debug|Any CPU.Build.0 = Debug|Any CPU
		{2403E705-D712-4D8A-9DBC-9F1E62E0D05F}.Debug|x64.ActiveCfg = Debug|Any CPU
		{2403E705-D712-4D8A-9DBC-9F1E62E0D05F}.Debug|x64.Build.0 = Debug|Any CPU
		{2403E705-D712-4D8A-9DBC-9F1E62E0D05F}.Debug|x86.ActiveCfg = Debug|Any CPU
		{2403E705-D712-4D8A-9DBC-9F1E62E0D05F}.Debug|x86.Build.0 = Debug|Any CPU
		{2403E705-D712-4D8A-9DBC-9F1E62E0D05F}.Release|Any CPU.ActiveCfg = Release|Any CPU
		{2403E705-D712-4D8A-9DBC-9F1E62E0D05F}.Release|Any CPU.Build.0 = Release|Any CPU
		{2403E705-D712-4D8A-9DBC-9F1E62E0D05F}.Release|x64.ActiveCfg = Release|Any CPU
		{2403E705-D712-4D8A-9DBC-9F1E62E0D05F}.Release|x64.Build.0 = Release|Any CPU
		{2403E705-D712-4D8A-9DBC-9F1E62E0D05F}.Release|x86.ActiveCfg = Release|Any CPU
		{2403E705-D712-4D8A-9DBC-9F1E62E0D05F}.Release|x86.Build.0 = Release|Any CPU
		{16D7CC3D-5191-4054-A352-82968B220792}.Debug|Any CPU.ActiveCfg = Debug|Any CPU
		{16D7CC3D-5191-4054-A352-82968B220792}.Debug|Any CPU.Build.0 = Debug|Any CPU
		{16D7CC3D-5191-4054-A352-82968B220792}.Debug|x64.ActiveCfg = Debug|Any CPU
		{16D7CC3D-5191-4054-A352-82968B220792}.Debug|x64.Build.0 = Debug|Any CPU
		{16D7CC3D-5191-4054-A352-82968B220792}.Debug|x86.ActiveCfg = Debug|Any CPU
		{16D7CC3D-5191-4054-A352-82968B220792}.Debug|x86.Build.0 = Debug|Any CPU
		{16D7CC3D-5191-4054-A352-82968B220792}.Release|Any CPU.ActiveCfg = Release|Any CPU
		{16D7CC3D-5191-4054-A352-82968B220792}.Release|Any CPU.Build.0 = Release|Any CPU
		{16D7CC3D-5191-4054-A352-82968B220792}.Release|x64.ActiveCfg = Release|Any CPU
		{16D7CC3D-5191-4054-A352-82968B220792}.Release|x64.Build.0 = Release|Any CPU
		{16D7CC3D-5191-4054-A352-82968B220792}.Release|x86.ActiveCfg = Release|Any CPU
		{16D7CC3D-5191-4054-A352-82968B220792}.Release|x86.Build.0 = Release|Any CPU
		{50FF722B-7DAD-4F8E-9381-C322343ABE6F}.Debug|Any CPU.ActiveCfg = Debug|Any CPU
		{50FF722B-7DAD-4F8E-9381-C322343ABE6F}.Debug|Any CPU.Build.0 = Debug|Any CPU
		{50FF722B-7DAD-4F8E-9381-C322343ABE6F}.Debug|x64.ActiveCfg = Debug|Any CPU
		{50FF722B-7DAD-4F8E-9381-C322343ABE6F}.Debug|x64.Build.0 = Debug|Any CPU
		{50FF722B-7DAD-4F8E-9381-C322343ABE6F}.Debug|x86.ActiveCfg = Debug|Any CPU
		{50FF722B-7DAD-4F8E-9381-C322343ABE6F}.Debug|x86.Build.0 = Debug|Any CPU
		{50FF722B-7DAD-4F8E-9381-C322343ABE6F}.Release|Any CPU.ActiveCfg = Release|Any CPU
		{50FF722B-7DAD-4F8E-9381-C322343ABE6F}.Release|Any CPU.Build.0 = Release|Any CPU
		{50FF722B-7DAD-4F8E-9381-C322343ABE6F}.Release|x64.ActiveCfg = Release|Any CPU
		{50FF722B-7DAD-4F8E-9381-C322343ABE6F}.Release|x64.Build.0 = Release|Any CPU
		{50FF722B-7DAD-4F8E-9381-C322343ABE6F}.Release|x86.ActiveCfg = Release|Any CPU
		{50FF722B-7DAD-4F8E-9381-C322343ABE6F}.Release|x86.Build.0 = Release|Any CPU
		{5DDEB9C6-8E6D-4212-8F92-3FE143FBC136}.Debug|Any CPU.ActiveCfg = Debug|Any CPU
		{5DDEB9C6-8E6D-4212-8F92-3FE143FBC136}.Debug|Any CPU.Build.0 = Debug|Any CPU
		{5DDEB9C6-8E6D-4212-8F92-3FE143FBC136}.Debug|x64.ActiveCfg = Debug|Any CPU
		{5DDEB9C6-8E6D-4212-8F92-3FE143FBC136}.Debug|x64.Build.0 = Debug|Any CPU
		{5DDEB9C6-8E6D-4212-8F92-3FE143FBC136}.Debug|x86.ActiveCfg = Debug|Any CPU
		{5DDEB9C6-8E6D-4212-8F92-3FE143FBC136}.Debug|x86.Build.0 = Debug|Any CPU
		{5DDEB9C6-8E6D-4212-8F92-3FE143FBC136}.Release|Any CPU.ActiveCfg = Release|Any CPU
		{5DDEB9C6-8E6D-4212-8F92-3FE143FBC136}.Release|Any CPU.Build.0 = Release|Any CPU
		{5DDEB9C6-8E6D-4212-8F92-3FE143FBC136}.Release|x64.ActiveCfg = Release|Any CPU
		{5DDEB9C6-8E6D-4212-8F92-3FE143FBC136}.Release|x64.Build.0 = Release|Any CPU
		{5DDEB9C6-8E6D-4212-8F92-3FE143FBC136}.Release|x86.ActiveCfg = Release|Any CPU
		{5DDEB9C6-8E6D-4212-8F92-3FE143FBC136}.Release|x86.Build.0 = Release|Any CPU
		{49D44982-88E2-427B-BC0D-D91721EC6F2B}.Debug|Any CPU.ActiveCfg = Debug|Any CPU
		{49D44982-88E2-427B-BC0D-D91721EC6F2B}.Debug|Any CPU.Build.0 = Debug|Any CPU
		{49D44982-88E2-427B-BC0D-D91721EC6F2B}.Debug|x64.ActiveCfg = Debug|Any CPU
		{49D44982-88E2-427B-BC0D-D91721EC6F2B}.Debug|x64.Build.0 = Debug|Any CPU
		{49D44982-88E2-427B-BC0D-D91721EC6F2B}.Debug|x86.ActiveCfg = Debug|Any CPU
		{49D44982-88E2-427B-BC0D-D91721EC6F2B}.Debug|x86.Build.0 = Debug|Any CPU
		{49D44982-88E2-427B-BC0D-D91721EC6F2B}.Release|Any CPU.ActiveCfg = Release|Any CPU
		{49D44982-88E2-427B-BC0D-D91721EC6F2B}.Release|Any CPU.Build.0 = Release|Any CPU
		{49D44982-88E2-427B-BC0D-D91721EC6F2B}.Release|x64.ActiveCfg = Release|Any CPU
		{49D44982-88E2-427B-BC0D-D91721EC6F2B}.Release|x64.Build.0 = Release|Any CPU
		{49D44982-88E2-427B-BC0D-D91721EC6F2B}.Release|x86.ActiveCfg = Release|Any CPU
		{49D44982-88E2-427B-BC0D-D91721EC6F2B}.Release|x86.Build.0 = Release|Any CPU
		{A65F6A27-8DEB-4234-B41F-6414D67ADE1D}.Debug|Any CPU.ActiveCfg = Debug|Any CPU
		{A65F6A27-8DEB-4234-B41F-6414D67ADE1D}.Debug|Any CPU.Build.0 = Debug|Any CPU
		{A65F6A27-8DEB-4234-B41F-6414D67ADE1D}.Debug|x64.ActiveCfg = Debug|Any CPU
		{A65F6A27-8DEB-4234-B41F-6414D67ADE1D}.Debug|x64.Build.0 = Debug|Any CPU
		{A65F6A27-8DEB-4234-B41F-6414D67ADE1D}.Debug|x86.ActiveCfg = Debug|Any CPU
		{A65F6A27-8DEB-4234-B41F-6414D67ADE1D}.Debug|x86.Build.0 = Debug|Any CPU
		{A65F6A27-8DEB-4234-B41F-6414D67ADE1D}.Release|Any CPU.ActiveCfg = Release|Any CPU
		{A65F6A27-8DEB-4234-B41F-6414D67ADE1D}.Release|Any CPU.Build.0 = Release|Any CPU
		{A65F6A27-8DEB-4234-B41F-6414D67ADE1D}.Release|x64.ActiveCfg = Release|Any CPU
		{A65F6A27-8DEB-4234-B41F-6414D67ADE1D}.Release|x64.Build.0 = Release|Any CPU
		{A65F6A27-8DEB-4234-B41F-6414D67ADE1D}.Release|x86.ActiveCfg = Release|Any CPU
		{A65F6A27-8DEB-4234-B41F-6414D67ADE1D}.Release|x86.Build.0 = Release|Any CPU
		{4C3DD4D8-5C36-47A9-86E9-486AA423EFC1}.Debug|Any CPU.ActiveCfg = Debug|Any CPU
		{4C3DD4D8-5C36-47A9-86E9-486AA423EFC1}.Debug|Any CPU.Build.0 = Debug|Any CPU
		{4C3DD4D8-5C36-47A9-86E9-486AA423EFC1}.Debug|x64.ActiveCfg = Debug|Any CPU
		{4C3DD4D8-5C36-47A9-86E9-486AA423EFC1}.Debug|x64.Build.0 = Debug|Any CPU
		{4C3DD4D8-5C36-47A9-86E9-486AA423EFC1}.Debug|x86.ActiveCfg = Debug|Any CPU
		{4C3DD4D8-5C36-47A9-86E9-486AA423EFC1}.Debug|x86.Build.0 = Debug|Any CPU
		{4C3DD4D8-5C36-47A9-86E9-486AA423EFC1}.Release|Any CPU.ActiveCfg = Release|Any CPU
		{4C3DD4D8-5C36-47A9-86E9-486AA423EFC1}.Release|Any CPU.Build.0 = Release|Any CPU
		{4C3DD4D8-5C36-47A9-86E9-486AA423EFC1}.Release|x64.ActiveCfg = Release|Any CPU
		{4C3DD4D8-5C36-47A9-86E9-486AA423EFC1}.Release|x64.Build.0 = Release|Any CPU
		{4C3DD4D8-5C36-47A9-86E9-486AA423EFC1}.Release|x86.ActiveCfg = Release|Any CPU
		{4C3DD4D8-5C36-47A9-86E9-486AA423EFC1}.Release|x86.Build.0 = Release|Any CPU
		{3AF10638-E3B9-4679-A44B-4E3683DD7487}.Debug|Any CPU.ActiveCfg = Debug|Any CPU
		{3AF10638-E3B9-4679-A44B-4E3683DD7487}.Debug|Any CPU.Build.0 = Debug|Any CPU
		{3AF10638-E3B9-4679-A44B-4E3683DD7487}.Debug|x64.ActiveCfg = Debug|Any CPU
		{3AF10638-E3B9-4679-A44B-4E3683DD7487}.Debug|x64.Build.0 = Debug|Any CPU
		{3AF10638-E3B9-4679-A44B-4E3683DD7487}.Debug|x86.ActiveCfg = Debug|Any CPU
		{3AF10638-E3B9-4679-A44B-4E3683DD7487}.Debug|x86.Build.0 = Debug|Any CPU
		{3AF10638-E3B9-4679-A44B-4E3683DD7487}.Release|Any CPU.ActiveCfg = Release|Any CPU
		{3AF10638-E3B9-4679-A44B-4E3683DD7487}.Release|Any CPU.Build.0 = Release|Any CPU
		{3AF10638-E3B9-4679-A44B-4E3683DD7487}.Release|x64.ActiveCfg = Release|Any CPU
		{3AF10638-E3B9-4679-A44B-4E3683DD7487}.Release|x64.Build.0 = Release|Any CPU
		{3AF10638-E3B9-4679-A44B-4E3683DD7487}.Release|x86.ActiveCfg = Release|Any CPU
		{3AF10638-E3B9-4679-A44B-4E3683DD7487}.Release|x86.Build.0 = Release|Any CPU
		{74391285-0B3A-471E-9BE7-BEDF9F9B2585}.Debug|Any CPU.ActiveCfg = Debug|Any CPU
		{74391285-0B3A-471E-9BE7-BEDF9F9B2585}.Debug|Any CPU.Build.0 = Debug|Any CPU
		{74391285-0B3A-471E-9BE7-BEDF9F9B2585}.Debug|x64.ActiveCfg = Debug|Any CPU
		{74391285-0B3A-471E-9BE7-BEDF9F9B2585}.Debug|x64.Build.0 = Debug|Any CPU
		{74391285-0B3A-471E-9BE7-BEDF9F9B2585}.Debug|x86.ActiveCfg = Debug|Any CPU
		{74391285-0B3A-471E-9BE7-BEDF9F9B2585}.Debug|x86.Build.0 = Debug|Any CPU
		{74391285-0B3A-471E-9BE7-BEDF9F9B2585}.Release|Any CPU.ActiveCfg = Release|Any CPU
		{74391285-0B3A-471E-9BE7-BEDF9F9B2585}.Release|Any CPU.Build.0 = Release|Any CPU
		{74391285-0B3A-471E-9BE7-BEDF9F9B2585}.Release|x64.ActiveCfg = Release|Any CPU
		{74391285-0B3A-471E-9BE7-BEDF9F9B2585}.Release|x64.Build.0 = Release|Any CPU
		{74391285-0B3A-471E-9BE7-BEDF9F9B2585}.Release|x86.ActiveCfg = Release|Any CPU
		{74391285-0B3A-471E-9BE7-BEDF9F9B2585}.Release|x86.Build.0 = Release|Any CPU
		{D1CC6B16-5EC0-4A41-81D3-EB855428714D}.Debug|Any CPU.ActiveCfg = Debug|Any CPU
		{D1CC6B16-5EC0-4A41-81D3-EB855428714D}.Debug|Any CPU.Build.0 = Debug|Any CPU
		{D1CC6B16-5EC0-4A41-81D3-EB855428714D}.Debug|x64.ActiveCfg = Debug|Any CPU
		{D1CC6B16-5EC0-4A41-81D3-EB855428714D}.Debug|x64.Build.0 = Debug|Any CPU
		{D1CC6B16-5EC0-4A41-81D3-EB855428714D}.Debug|x86.ActiveCfg = Debug|Any CPU
		{D1CC6B16-5EC0-4A41-81D3-EB855428714D}.Debug|x86.Build.0 = Debug|Any CPU
		{D1CC6B16-5EC0-4A41-81D3-EB855428714D}.Release|Any CPU.ActiveCfg = Release|Any CPU
		{D1CC6B16-5EC0-4A41-81D3-EB855428714D}.Release|Any CPU.Build.0 = Release|Any CPU
		{D1CC6B16-5EC0-4A41-81D3-EB855428714D}.Release|x64.ActiveCfg = Release|Any CPU
		{D1CC6B16-5EC0-4A41-81D3-EB855428714D}.Release|x64.Build.0 = Release|Any CPU
		{D1CC6B16-5EC0-4A41-81D3-EB855428714D}.Release|x86.ActiveCfg = Release|Any CPU
		{D1CC6B16-5EC0-4A41-81D3-EB855428714D}.Release|x86.Build.0 = Release|Any CPU
		{21D438B7-28F2-415A-A788-0123551AB2DE}.Debug|Any CPU.ActiveCfg = Debug|Any CPU
		{21D438B7-28F2-415A-A788-0123551AB2DE}.Debug|Any CPU.Build.0 = Debug|Any CPU
		{21D438B7-28F2-415A-A788-0123551AB2DE}.Debug|x64.ActiveCfg = Debug|Any CPU
		{21D438B7-28F2-415A-A788-0123551AB2DE}.Debug|x64.Build.0 = Debug|Any CPU
		{21D438B7-28F2-415A-A788-0123551AB2DE}.Debug|x86.ActiveCfg = Debug|Any CPU
		{21D438B7-28F2-415A-A788-0123551AB2DE}.Debug|x86.Build.0 = Debug|Any CPU
		{21D438B7-28F2-415A-A788-0123551AB2DE}.Release|Any CPU.ActiveCfg = Release|Any CPU
		{21D438B7-28F2-415A-A788-0123551AB2DE}.Release|Any CPU.Build.0 = Release|Any CPU
		{21D438B7-28F2-415A-A788-0123551AB2DE}.Release|x64.ActiveCfg = Release|Any CPU
		{21D438B7-28F2-415A-A788-0123551AB2DE}.Release|x64.Build.0 = Release|Any CPU
		{21D438B7-28F2-415A-A788-0123551AB2DE}.Release|x86.ActiveCfg = Release|Any CPU
		{21D438B7-28F2-415A-A788-0123551AB2DE}.Release|x86.Build.0 = Release|Any CPU
	EndGlobalSection
	GlobalSection(SolutionProperties) = preSolution
		HideSolutionNode = FALSE
	EndGlobalSection
	GlobalSection(NestedProjects) = preSolution
		{E96FAF2A-9015-431A-B2E4-486F792EE752} = {9C3C2197-213B-44E5-B598-F9EB1ED1740A}
		{400D0FEE-F887-4753-8C39-CA7836D6AC20} = {9C3C2197-213B-44E5-B598-F9EB1ED1740A}
		{C199EB16-AC49-40D2-BE70-3B7B78A33A55} = {9C3C2197-213B-44E5-B598-F9EB1ED1740A}
		{9053C683-3776-4DD6-9379-5357419BC804} = {53755E5C-EE3E-4FE8-AF57-BF6954BB5616}
		{F1E5F474-858A-40BE-ADBF-F2E9207A7D77} = {53755E5C-EE3E-4FE8-AF57-BF6954BB5616}
		{927CE8C8-E88E-42EA-A8E5-004E36D8ED50} = {53755E5C-EE3E-4FE8-AF57-BF6954BB5616}
		{41D9DD78-E711-40A9-8229-1E8A44C4B973} = {926E916E-4888-484B-B24B-F986745FE343}
		{2403E705-D712-4D8A-9DBC-9F1E62E0D05F} = {926E916E-4888-484B-B24B-F986745FE343}
		{16D7CC3D-5191-4054-A352-82968B220792} = {926E916E-4888-484B-B24B-F986745FE343}
		{50FF722B-7DAD-4F8E-9381-C322343ABE6F} = {A749FEE2-91FC-45EF-BABB-EB7708C48189}
		{5DDEB9C6-8E6D-4212-8F92-3FE143FBC136} = {A749FEE2-91FC-45EF-BABB-EB7708C48189}
		{49D44982-88E2-427B-BC0D-D91721EC6F2B} = {A749FEE2-91FC-45EF-BABB-EB7708C48189}
		{A65F6A27-8DEB-4234-B41F-6414D67ADE1D} = {348C9B72-6B23-4EEE-B34B-904C122A8F46}
		{4C3DD4D8-5C36-47A9-86E9-486AA423EFC1} = {348C9B72-6B23-4EEE-B34B-904C122A8F46}
		{3AF10638-E3B9-4679-A44B-4E3683DD7487} = {348C9B72-6B23-4EEE-B34B-904C122A8F46}
		{74391285-0B3A-471E-9BE7-BEDF9F9B2585} = {1978F52C-F712-4179-9B36-373E22097821}
		{D1CC6B16-5EC0-4A41-81D3-EB855428714D} = {1978F52C-F712-4179-9B36-373E22097821}
		{21D438B7-28F2-415A-A788-0123551AB2DE} = {1978F52C-F712-4179-9B36-373E22097821}
	EndGlobalSection
EndGlobal
